
Microsoft Visual Studio Solution File, Format Version 12.00
# Visual Studio 2013
VisualStudioVersion = 12.0.31101.0
MinimumVisualStudioVersion = 10.0.40219.1
Project("{FAE04EC0-301F-11D3-BF4B-00C04F79EFBC}") = "ConsoleManager", "ConsoleManager\ConsoleManager.csproj", "{B7D21C08-3AE8-4549-A601-F54400C9089F}"
EndProject
Project("{FAE04EC0-301F-11D3-BF4B-00C04F79EFBC}") = "SensorInfoStatus", "SensorInfoStatus\SensorInfoStatus.csproj", "{2E06C991-AFC8-4163-8897-9533FF68EACE}"
EndProject
Project("{FAE04EC0-301F-11D3-BF4B-00C04F79EFBC}") = "NetduinoClient", "NetduinoClient\NetduinoClient.csproj", "{422234DD-C4E4-4630-BCAE-3DC54CCEB650}"
EndProject
Global
	GlobalSection(SolutionConfigurationPlatforms) = preSolution
		Debug|Any CPU = Debug|Any CPU
		Release|Any CPU = Release|Any CPU
	EndGlobalSection
	GlobalSection(ProjectConfigurationPlatforms) = postSolution
		{B7D21C08-3AE8-4549-A601-F54400C9089F}.Debug|Any CPU.ActiveCfg = Debug|Any CPU
		{B7D21C08-3AE8-4549-A601-F54400C9089F}.Debug|Any CPU.Build.0 = Debug|Any CPU
		{B7D21C08-3AE8-4549-A601-F54400C9089F}.Release|Any CPU.ActiveCfg = Release|Any CPU
		{B7D21C08-3AE8-4549-A601-F54400C9089F}.Release|Any CPU.Build.0 = Release|Any CPU
		{2E06C991-AFC8-4163-8897-9533FF68EACE}.Debug|Any CPU.ActiveCfg = Debug|Any CPU
		{2E06C991-AFC8-4163-8897-9533FF68EACE}.Debug|Any CPU.Build.0 = Debug|Any CPU
		{2E06C991-AFC8-4163-8897-9533FF68EACE}.Release|Any CPU.ActiveCfg = Release|Any CPU
		{2E06C991-AFC8-4163-8897-9533FF68EACE}.Release|Any CPU.Build.0 = Release|Any CPU
		{422234DD-C4E4-4630-BCAE-3DC54CCEB650}.Debug|Any CPU.ActiveCfg = Debug|Any CPU
		{422234DD-C4E4-4630-BCAE-3DC54CCEB650}.Debug|Any CPU.Build.0 = Debug|Any CPU
		{422234DD-C4E4-4630-BCAE-3DC54CCEB650}.Debug|Any CPU.Deploy.0 = Debug|Any CPU
		{422234DD-C4E4-4630-BCAE-3DC54CCEB650}.Release|Any CPU.ActiveCfg = Release|Any CPU
		{422234DD-C4E4-4630-BCAE-3DC54CCEB650}.Release|Any CPU.Build.0 = Release|Any CPU
		{422234DD-C4E4-4630-BCAE-3DC54CCEB650}.Release|Any CPU.Deploy.0 = Release|Any CPU
	EndGlobalSection
	GlobalSection(SolutionProperties) = preSolution
		HideSolutionNode = FALSE
	EndGlobalSection
EndGlobal
